
Microsoft Visual Studio Solution File, Format Version 12.00
# Visual Studio Version 17
VisualStudioVersion = 17.2.32516.85
MinimumVisualStudioVersion = 10.0.40219.1
Project("{2150E333-8FDC-42A3-9474-1A3956D46DE8}") = "0-Apresentação", "0-Apresentação", "{C6DBDDED-5D7B-4ADC-B7C1-F089CFC30505}"
EndProject
Project("{9A19103F-16F7-4668-BE54-9A1E7A4F7556}") = "FilmesAPI", "EAPI\FilmesAPI.csproj", "{40BDDC5A-770F-4F43-AAB8-D349D6E51472}"
EndProject
Global
	GlobalSection(SolutionConfigurationPlatforms) = preSolution
		Debug|Any CPU = Debug|Any CPU
		Release|Any CPU = Release|Any CPU
	EndGlobalSection
	GlobalSection(ProjectConfigurationPlatforms) = postSolution
		{40BDDC5A-770F-4F43-AAB8-D349D6E51472}.Debug|Any CPU.ActiveCfg = Debug|Any CPU
		{40BDDC5A-770F-4F43-AAB8-D349D6E51472}.Debug|Any CPU.Build.0 = Debug|Any CPU
		{40BDDC5A-770F-4F43-AAB8-D349D6E51472}.Release|Any CPU.ActiveCfg = Release|Any CPU
		{40BDDC5A-770F-4F43-AAB8-D349D6E51472}.Release|Any CPU.Build.0 = Release|Any CPU
	EndGlobalSection
	GlobalSection(SolutionProperties) = preSolution
		HideSolutionNode = FALSE
	EndGlobalSection
	GlobalSection(NestedProjects) = preSolution
		{40BDDC5A-770F-4F43-AAB8-D349D6E51472} = {C6DBDDED-5D7B-4ADC-B7C1-F089CFC30505}
	EndGlobalSection
	GlobalSection(ExtensibilityGlobals) = postSolution
		SolutionGuid = {0C05209F-DF23-49F7-8DD3-4FEC093C5D45}
	EndGlobalSection
EndGlobal
